
Microsoft Visual Studio Solution File, Format Version 11.00
# Visual Studio 2010
Project("{2150E333-8FDC-42A3-9474-1A3956D46DE8}") = "Back-End", "Back-End", "{5FF254E1-4802-4723-9E98-4E9A588077EB}"
EndProject
Project("{2150E333-8FDC-42A3-9474-1A3956D46DE8}") = "Front-End", "Front-End", "{35A7082C-B57E-4B96-ABC6-42F69F8E2355}"
EndProject
Project("{2150E333-8FDC-42A3-9474-1A3956D46DE8}") = "Unit Testing", "Unit Testing", "{D439360B-14E5-49DB-B533-B7140AC61042}"
EndProject
Project("{2150E333-8FDC-42A3-9474-1A3956D46DE8}") = "Commands", "Commands", "{AC9DA332-2BE8-43ED-8F6C-F60389BF46EB}"
EndProject
Project("{2150E333-8FDC-42A3-9474-1A3956D46DE8}") = "Queries", "Queries", "{811A06CC-E8BC-428F-B564-A8319B539576}"
EndProject
Project("{2150E333-8FDC-42A3-9474-1A3956D46DE8}") = "Framework", "Framework", "{E1462DA9-23AC-4A02-8ED0-1C6D9B64BAFB}"
EndProject
Project("{FAE04EC0-301F-11D3-BF4B-00C04F79EFBC}") = "OA.ExtranetOwnerSite", "FrontEnd\OA.ExtranetOwnerSite\OA.ExtranetOwnerSite.csproj", "{D08B2189-5563-4E7E-8427-B8FE8803A84F}"
EndProject
Project("{FAE04EC0-301F-11D3-BF4B-00C04F79EFBC}") = "OA.IntranetAdminSite", "FrontEnd\OA.IntranetAdminSite\OA.IntranetAdminSite.csproj", "{19A3C2E0-1380-441E-BE16-A974BEC90F7D}"
EndProject
Project("{FAE04EC0-301F-11D3-BF4B-00C04F79EFBC}") = "OA.PublicWebSite", "FrontEnd\OA.PublicWebSite\OA.PublicWebSite.csproj", "{E28A8D5B-C93B-4647-9A1A-498AA62A5159}"
EndProject
Project("{FAE04EC0-301F-11D3-BF4B-00C04F79EFBC}") = "OA.ExtranetOwnerSite.UnitTesting", "UnitTesting\OA.ExtranetOwnerSite.UnitTesting\OA.ExtranetOwnerSite.UnitTesting.csproj", "{294EAA88-350B-4309-8B74-C9354765AD92}"
EndProject
Project("{FAE04EC0-301F-11D3-BF4B-00C04F79EFBC}") = "OA.IntranetAdminSite.UnitTesting", "UnitTesting\OA.IntranetAdminSite.UnitTesting\OA.IntranetAdminSite.UnitTesting.csproj", "{EF2D3D0A-C364-4820-A034-C578603A78A0}"
EndProject
Project("{FAE04EC0-301F-11D3-BF4B-00C04F79EFBC}") = "OA.PublicWebSite.UnitTesting", "UnitTesting\OA.PublicWebSite.UnitTesting\OA.PublicWebSite.UnitTesting.csproj", "{249E2D51-8803-4E29-A340-E229D9325DD4}"
EndProject
Project("{2150E333-8FDC-42A3-9474-1A3956D46DE8}") = "Solution Items", "Solution Items", "{745F512C-3661-42B2-BF20-530F04ABA1A6}"
	ProjectSection(SolutionItems) = preProject
		nuget.config = nuget.config
	EndProjectSection
EndProject
Project("{2150E333-8FDC-42A3-9474-1A3956D46DE8}") = "DDD", "DDD", "{79FDCDF8-E1F5-4013-A3AF-B0689036B24F}"
EndProject
Project("{FAE04EC0-301F-11D3-BF4B-00C04F79EFBC}") = "OA.CommandHandlers.DDD", "BackEnd\OA.CommandHandlers.Common\OA.CommandHandlers.DDD.csproj", "{25F63F20-7FFC-42F3-BFD3-D08CF2D2023A}"
EndProject
Project("{FAE04EC0-301F-11D3-BF4B-00C04F79EFBC}") = "OA.DomainModel.DDD", "BackEnd\OA.DomainModel.Common\OA.DomainModel.DDD.csproj", "{017887D6-055D-4807-A404-F1D95C48F748}"
EndProject
Project("{FAE04EC0-301F-11D3-BF4B-00C04F79EFBC}") = "OA.DomainRepositories.DDD", "BackEnd\OA.DomainRepositories.Common\OA.DomainRepositories.DDD.csproj", "{4816E178-8C31-4938-A0EF-89E322FC80BC}"
EndProject
Project("{FAE04EC0-301F-11D3-BF4B-00C04F79EFBC}") = "OA.Commands", "BackEnd\OA.Commands.Common\OA.Commands.csproj", "{2F5351D8-11B3-488A-AFFA-C6D810EC1A18}"
EndProject
Project("{FAE04EC0-301F-11D3-BF4B-00C04F79EFBC}") = "OA.BootStrapping", "BackEnd\OA.BootStrapping.Common\OA.BootStrapping.csproj", "{11D83683-BB9A-4C05-84E1-734DBA91E239}"
EndProject
Project("{FAE04EC0-301F-11D3-BF4B-00C04F79EFBC}") = "OA.Framework", "BackEnd\OA.Framework.Common\OA.Framework.csproj", "{D2B50640-DA61-4D63-8AD6-A85F8732BA45}"
EndProject
Project("{FAE04EC0-301F-11D3-BF4B-00C04F79EFBC}") = "OA.Framework.DDD", "BackEnd\OA.Framework.DDD\OA.Framework.DDD.csproj", "{699F5611-1DC1-4EF0-A9D9-FD4776C6E43E}"
EndProject
Project("{FAE04EC0-301F-11D3-BF4B-00C04F79EFBC}") = "OA.ViewModel", "BackEnd\OA.ViewModel.Common\OA.ViewModel.csproj", "{B7E089F4-A23E-4F6B-8C8C-3914825EE04B}"
EndProject
Project("{2150E333-8FDC-42A3-9474-1A3956D46DE8}") = "RDD", "RDD", "{11D982DD-B73C-4174-BB0C-B5452309302C}"
EndProject
Project("{FAE04EC0-301F-11D3-BF4B-00C04F79EFBC}") = "OA.ViewRepositories.RDD", "BackEnd\OA.ViewRepositories.Common\OA.ViewRepositories.RDD.csproj", "{B2A96B8B-00A3-4F54-B577-23F4027BB6D2}"
EndProject
Global
	GlobalSection(SolutionConfigurationPlatforms) = preSolution
		Debug|Any CPU = Debug|Any CPU
		Release|Any CPU = Release|Any CPU
	EndGlobalSection
	GlobalSection(ProjectConfigurationPlatforms) = postSolution
		{D08B2189-5563-4E7E-8427-B8FE8803A84F}.Debug|Any CPU.ActiveCfg = Debug|Any CPU
		{D08B2189-5563-4E7E-8427-B8FE8803A84F}.Debug|Any CPU.Build.0 = Debug|Any CPU
		{D08B2189-5563-4E7E-8427-B8FE8803A84F}.Release|Any CPU.ActiveCfg = Release|Any CPU
		{D08B2189-5563-4E7E-8427-B8FE8803A84F}.Release|Any CPU.Build.0 = Release|Any CPU
		{19A3C2E0-1380-441E-BE16-A974BEC90F7D}.Debug|Any CPU.ActiveCfg = Debug|Any CPU
		{19A3C2E0-1380-441E-BE16-A974BEC90F7D}.Debug|Any CPU.Build.0 = Debug|Any CPU
		{19A3C2E0-1380-441E-BE16-A974BEC90F7D}.Release|Any CPU.ActiveCfg = Release|Any CPU
		{19A3C2E0-1380-441E-BE16-A974BEC90F7D}.Release|Any CPU.Build.0 = Release|Any CPU
		{E28A8D5B-C93B-4647-9A1A-498AA62A5159}.Debug|Any CPU.ActiveCfg = Debug|Any CPU
		{E28A8D5B-C93B-4647-9A1A-498AA62A5159}.Debug|Any CPU.Build.0 = Debug|Any CPU
		{E28A8D5B-C93B-4647-9A1A-498AA62A5159}.Release|Any CPU.ActiveCfg = Release|Any CPU
		{E28A8D5B-C93B-4647-9A1A-498AA62A5159}.Release|Any CPU.Build.0 = Release|Any CPU
		{294EAA88-350B-4309-8B74-C9354765AD92}.Debug|Any CPU.ActiveCfg = Debug|Any CPU
		{294EAA88-350B-4309-8B74-C9354765AD92}.Debug|Any CPU.Build.0 = Debug|Any CPU
		{294EAA88-350B-4309-8B74-C9354765AD92}.Release|Any CPU.ActiveCfg = Release|Any CPU
		{294EAA88-350B-4309-8B74-C9354765AD92}.Release|Any CPU.Build.0 = Release|Any CPU
		{EF2D3D0A-C364-4820-A034-C578603A78A0}.Debug|Any CPU.ActiveCfg = Debug|Any CPU
		{EF2D3D0A-C364-4820-A034-C578603A78A0}.Debug|Any CPU.Build.0 = Debug|Any CPU
		{EF2D3D0A-C364-4820-A034-C578603A78A0}.Release|Any CPU.ActiveCfg = Release|Any CPU
		{EF2D3D0A-C364-4820-A034-C578603A78A0}.Release|Any CPU.Build.0 = Release|Any CPU
		{249E2D51-8803-4E29-A340-E229D9325DD4}.Debug|Any CPU.ActiveCfg = Debug|Any CPU
		{249E2D51-8803-4E29-A340-E229D9325DD4}.Debug|Any CPU.Build.0 = Debug|Any CPU
		{249E2D51-8803-4E29-A340-E229D9325DD4}.Release|Any CPU.ActiveCfg = Release|Any CPU
		{249E2D51-8803-4E29-A340-E229D9325DD4}.Release|Any CPU.Build.0 = Release|Any CPU
		{25F63F20-7FFC-42F3-BFD3-D08CF2D2023A}.Debug|Any CPU.ActiveCfg = Debug|Any CPU
		{25F63F20-7FFC-42F3-BFD3-D08CF2D2023A}.Debug|Any CPU.Build.0 = Debug|Any CPU
		{25F63F20-7FFC-42F3-BFD3-D08CF2D2023A}.Release|Any CPU.ActiveCfg = Release|Any CPU
		{25F63F20-7FFC-42F3-BFD3-D08CF2D2023A}.Release|Any CPU.Build.0 = Release|Any CPU
		{017887D6-055D-4807-A404-F1D95C48F748}.Debug|Any CPU.ActiveCfg = Debug|Any CPU
		{017887D6-055D-4807-A404-F1D95C48F748}.Debug|Any CPU.Build.0 = Debug|Any CPU
		{017887D6-055D-4807-A404-F1D95C48F748}.Release|Any CPU.ActiveCfg = Release|Any CPU
		{017887D6-055D-4807-A404-F1D95C48F748}.Release|Any CPU.Build.0 = Release|Any CPU
		{4816E178-8C31-4938-A0EF-89E322FC80BC}.Debug|Any CPU.ActiveCfg = Debug|Any CPU
		{4816E178-8C31-4938-A0EF-89E322FC80BC}.Debug|Any CPU.Build.0 = Debug|Any CPU
		{4816E178-8C31-4938-A0EF-89E322FC80BC}.Release|Any CPU.ActiveCfg = Release|Any CPU
		{4816E178-8C31-4938-A0EF-89E322FC80BC}.Release|Any CPU.Build.0 = Release|Any CPU
		{2F5351D8-11B3-488A-AFFA-C6D810EC1A18}.Debug|Any CPU.ActiveCfg = Debug|Any CPU
		{2F5351D8-11B3-488A-AFFA-C6D810EC1A18}.Debug|Any CPU.Build.0 = Debug|Any CPU
		{2F5351D8-11B3-488A-AFFA-C6D810EC1A18}.Release|Any CPU.ActiveCfg = Release|Any CPU
		{2F5351D8-11B3-488A-AFFA-C6D810EC1A18}.Release|Any CPU.Build.0 = Release|Any CPU
		{11D83683-BB9A-4C05-84E1-734DBA91E239}.Debug|Any CPU.ActiveCfg = Debug|Any CPU
		{11D83683-BB9A-4C05-84E1-734DBA91E239}.Debug|Any CPU.Build.0 = Debug|Any CPU
		{11D83683-BB9A-4C05-84E1-734DBA91E239}.Release|Any CPU.ActiveCfg = Release|Any CPU
		{11D83683-BB9A-4C05-84E1-734DBA91E239}.Release|Any CPU.Build.0 = Release|Any CPU
		{D2B50640-DA61-4D63-8AD6-A85F8732BA45}.Debug|Any CPU.ActiveCfg = Debug|Any CPU
		{D2B50640-DA61-4D63-8AD6-A85F8732BA45}.Debug|Any CPU.Build.0 = Debug|Any CPU
		{D2B50640-DA61-4D63-8AD6-A85F8732BA45}.Release|Any CPU.ActiveCfg = Release|Any CPU
		{D2B50640-DA61-4D63-8AD6-A85F8732BA45}.Release|Any CPU.Build.0 = Release|Any CPU
		{699F5611-1DC1-4EF0-A9D9-FD4776C6E43E}.Debug|Any CPU.ActiveCfg = Debug|Any CPU
		{699F5611-1DC1-4EF0-A9D9-FD4776C6E43E}.Debug|Any CPU.Build.0 = Debug|Any CPU
		{699F5611-1DC1-4EF0-A9D9-FD4776C6E43E}.Release|Any CPU.ActiveCfg = Release|Any CPU
		{699F5611-1DC1-4EF0-A9D9-FD4776C6E43E}.Release|Any CPU.Build.0 = Release|Any CPU
		{B7E089F4-A23E-4F6B-8C8C-3914825EE04B}.Debug|Any CPU.ActiveCfg = Debug|Any CPU
		{B7E089F4-A23E-4F6B-8C8C-3914825EE04B}.Debug|Any CPU.Build.0 = Debug|Any CPU
		{B7E089F4-A23E-4F6B-8C8C-3914825EE04B}.Release|Any CPU.ActiveCfg = Release|Any CPU
		{B7E089F4-A23E-4F6B-8C8C-3914825EE04B}.Release|Any CPU.Build.0 = Release|Any CPU
		{B2A96B8B-00A3-4F54-B577-23F4027BB6D2}.Debug|Any CPU.ActiveCfg = Debug|Any CPU
		{B2A96B8B-00A3-4F54-B577-23F4027BB6D2}.Debug|Any CPU.Build.0 = Debug|Any CPU
		{B2A96B8B-00A3-4F54-B577-23F4027BB6D2}.Release|Any CPU.ActiveCfg = Release|Any CPU
		{B2A96B8B-00A3-4F54-B577-23F4027BB6D2}.Release|Any CPU.Build.0 = Release|Any CPU
	EndGlobalSection
	GlobalSection(SolutionProperties) = preSolution
		HideSolutionNode = FALSE
	EndGlobalSection
	GlobalSection(NestedProjects) = preSolution
		{AC9DA332-2BE8-43ED-8F6C-F60389BF46EB} = {5FF254E1-4802-4723-9E98-4E9A588077EB}
		{811A06CC-E8BC-428F-B564-A8319B539576} = {5FF254E1-4802-4723-9E98-4E9A588077EB}
		{E1462DA9-23AC-4A02-8ED0-1C6D9B64BAFB} = {5FF254E1-4802-4723-9E98-4E9A588077EB}
		{D08B2189-5563-4E7E-8427-B8FE8803A84F} = {35A7082C-B57E-4B96-ABC6-42F69F8E2355}
		{19A3C2E0-1380-441E-BE16-A974BEC90F7D} = {35A7082C-B57E-4B96-ABC6-42F69F8E2355}
		{E28A8D5B-C93B-4647-9A1A-498AA62A5159} = {35A7082C-B57E-4B96-ABC6-42F69F8E2355}
		{294EAA88-350B-4309-8B74-C9354765AD92} = {D439360B-14E5-49DB-B533-B7140AC61042}
		{EF2D3D0A-C364-4820-A034-C578603A78A0} = {D439360B-14E5-49DB-B533-B7140AC61042}
		{249E2D51-8803-4E29-A340-E229D9325DD4} = {D439360B-14E5-49DB-B533-B7140AC61042}
		{79FDCDF8-E1F5-4013-A3AF-B0689036B24F} = {AC9DA332-2BE8-43ED-8F6C-F60389BF46EB}
		{2F5351D8-11B3-488A-AFFA-C6D810EC1A18} = {AC9DA332-2BE8-43ED-8F6C-F60389BF46EB}
		{B7E089F4-A23E-4F6B-8C8C-3914825EE04B} = {811A06CC-E8BC-428F-B564-A8319B539576}
		{11D982DD-B73C-4174-BB0C-B5452309302C} = {811A06CC-E8BC-428F-B564-A8319B539576}
		{11D83683-BB9A-4C05-84E1-734DBA91E239} = {E1462DA9-23AC-4A02-8ED0-1C6D9B64BAFB}
		{D2B50640-DA61-4D63-8AD6-A85F8732BA45} = {E1462DA9-23AC-4A02-8ED0-1C6D9B64BAFB}
		{699F5611-1DC1-4EF0-A9D9-FD4776C6E43E} = {E1462DA9-23AC-4A02-8ED0-1C6D9B64BAFB}
		{25F63F20-7FFC-42F3-BFD3-D08CF2D2023A} = {79FDCDF8-E1F5-4013-A3AF-B0689036B24F}
		{017887D6-055D-4807-A404-F1D95C48F748} = {79FDCDF8-E1F5-4013-A3AF-B0689036B24F}
		{4816E178-8C31-4938-A0EF-89E322FC80BC} = {79FDCDF8-E1F5-4013-A3AF-B0689036B24F}
		{B2A96B8B-00A3-4F54-B577-23F4027BB6D2} = {11D982DD-B73C-4174-BB0C-B5452309302C}
	EndGlobalSection
EndGlobal
