
Microsoft Visual Studio Solution File, Format Version 11.00
# Visual Studio 2010
Project("{2150E333-8FDC-42A3-9474-1A3956D46DE8}") = "Front-End", "Front-End", "{834B0DD9-6FED-4980-B280-C5C63E3C9236}"
EndProject
Project("{FAE04EC0-301F-11D3-BF4B-00C04F79EFBC}") = "OA.ExtranetOwnerSite", "FrontEnd\OA.ExtranetOwnerSite\OA.ExtranetOwnerSite.csproj", "{D08B2189-5563-4E7E-8427-B8FE8803A84F}"
EndProject
Project("{2150E333-8FDC-42A3-9474-1A3956D46DE8}") = "Unit Testing", "Unit Testing", "{B0F285B0-052A-4435-A2AD-55C9DE5B9854}"
EndProject
Project("{FAE04EC0-301F-11D3-BF4B-00C04F79EFBC}") = "OA.ExtranetOwnerSite.UnitTesting", "UnitTesting\OA.ExtranetOwnerSite.UnitTesting\OA.ExtranetOwnerSite.UnitTesting.csproj", "{294EAA88-350B-4309-8B74-C9354765AD92}"
EndProject
Project("{2150E333-8FDC-42A3-9474-1A3956D46DE8}") = "Back-End", "Back-End", "{ED35452B-1C92-4374-91EE-D03EDD53B137}"
EndProject
Project("{2150E333-8FDC-42A3-9474-1A3956D46DE8}") = "Commands", "Commands", "{7F1B2B1E-FB21-4A7B-90A2-8E9C688788F9}"
EndProject
Project("{2150E333-8FDC-42A3-9474-1A3956D46DE8}") = "Queries", "Queries", "{D1BD1BD1-6B6A-426C-917E-ACC54BA06E6F}"
EndProject
Project("{2150E333-8FDC-42A3-9474-1A3956D46DE8}") = "Framework", "Framework", "{A2CE3A14-0FB1-4F8A-9A04-07727FE46D1A}"
EndProject
Project("{2150E333-8FDC-42A3-9474-1A3956D46DE8}") = "DDD", "DDD", "{DB592799-869B-436A-BF45-D9FB54819E3B}"
EndProject
Project("{2150E333-8FDC-42A3-9474-1A3956D46DE8}") = "RDD", "RDD", "{AF90B459-1016-4121-9CE4-53E2C0EA4E80}"
EndProject
Project("{FAE04EC0-301F-11D3-BF4B-00C04F79EFBC}") = "OA.Commands", "BackEnd\OA.Commands.Common\OA.Commands.csproj", "{2F5351D8-11B3-488A-AFFA-C6D810EC1A18}"
EndProject
Project("{FAE04EC0-301F-11D3-BF4B-00C04F79EFBC}") = "OA.CommandHandlers.DDD", "BackEnd\OA.CommandHandlers.Common\OA.CommandHandlers.DDD.csproj", "{25F63F20-7FFC-42F3-BFD3-D08CF2D2023A}"
EndProject
Project("{FAE04EC0-301F-11D3-BF4B-00C04F79EFBC}") = "OA.DomainModel.DDD", "BackEnd\OA.DomainModel.Common\OA.DomainModel.DDD.csproj", "{017887D6-055D-4807-A404-F1D95C48F748}"
EndProject
Project("{FAE04EC0-301F-11D3-BF4B-00C04F79EFBC}") = "OA.DomainRepositories.DDD", "BackEnd\OA.DomainRepositories.Common\OA.DomainRepositories.DDD.csproj", "{4816E178-8C31-4938-A0EF-89E322FC80BC}"
EndProject
Project("{FAE04EC0-301F-11D3-BF4B-00C04F79EFBC}") = "OA.BootStrapping", "BackEnd\OA.BootStrapping.Common\OA.BootStrapping.csproj", "{11D83683-BB9A-4C05-84E1-734DBA91E239}"
EndProject
Project("{FAE04EC0-301F-11D3-BF4B-00C04F79EFBC}") = "OA.Framework", "BackEnd\OA.Framework.Common\OA.Framework.csproj", "{D2B50640-DA61-4D63-8AD6-A85F8732BA45}"
EndProject
Project("{FAE04EC0-301F-11D3-BF4B-00C04F79EFBC}") = "OA.Framework.DDD", "BackEnd\OA.Framework.DDD\OA.Framework.DDD.csproj", "{699F5611-1DC1-4EF0-A9D9-FD4776C6E43E}"
EndProject
Project("{FAE04EC0-301F-11D3-BF4B-00C04F79EFBC}") = "OA.ViewModel", "BackEnd\OA.ViewModel.Common\OA.ViewModel.csproj", "{B7E089F4-A23E-4F6B-8C8C-3914825EE04B}"
EndProject
Project("{FAE04EC0-301F-11D3-BF4B-00C04F79EFBC}") = "OA.ViewRepositories.RDD", "BackEnd\OA.ViewRepositories.Common\OA.ViewRepositories.RDD.csproj", "{B2A96B8B-00A3-4F54-B577-23F4027BB6D2}"
EndProject
Global
	GlobalSection(SolutionConfigurationPlatforms) = preSolution
		Debug|Any CPU = Debug|Any CPU
		Release|Any CPU = Release|Any CPU
	EndGlobalSection
	GlobalSection(ProjectConfigurationPlatforms) = postSolution
		{D08B2189-5563-4E7E-8427-B8FE8803A84F}.Debug|Any CPU.ActiveCfg = Debug|Any CPU
		{D08B2189-5563-4E7E-8427-B8FE8803A84F}.Debug|Any CPU.Build.0 = Debug|Any CPU
		{D08B2189-5563-4E7E-8427-B8FE8803A84F}.Release|Any CPU.ActiveCfg = Release|Any CPU
		{D08B2189-5563-4E7E-8427-B8FE8803A84F}.Release|Any CPU.Build.0 = Release|Any CPU
		{294EAA88-350B-4309-8B74-C9354765AD92}.Debug|Any CPU.ActiveCfg = Debug|Any CPU
		{294EAA88-350B-4309-8B74-C9354765AD92}.Debug|Any CPU.Build.0 = Debug|Any CPU
		{294EAA88-350B-4309-8B74-C9354765AD92}.Release|Any CPU.ActiveCfg = Release|Any CPU
		{294EAA88-350B-4309-8B74-C9354765AD92}.Release|Any CPU.Build.0 = Release|Any CPU
		{2F5351D8-11B3-488A-AFFA-C6D810EC1A18}.Debug|Any CPU.ActiveCfg = Debug|Any CPU
		{2F5351D8-11B3-488A-AFFA-C6D810EC1A18}.Debug|Any CPU.Build.0 = Debug|Any CPU
		{2F5351D8-11B3-488A-AFFA-C6D810EC1A18}.Release|Any CPU.ActiveCfg = Release|Any CPU
		{2F5351D8-11B3-488A-AFFA-C6D810EC1A18}.Release|Any CPU.Build.0 = Release|Any CPU
		{25F63F20-7FFC-42F3-BFD3-D08CF2D2023A}.Debug|Any CPU.ActiveCfg = Debug|Any CPU
		{25F63F20-7FFC-42F3-BFD3-D08CF2D2023A}.Debug|Any CPU.Build.0 = Debug|Any CPU
		{25F63F20-7FFC-42F3-BFD3-D08CF2D2023A}.Release|Any CPU.ActiveCfg = Release|Any CPU
		{25F63F20-7FFC-42F3-BFD3-D08CF2D2023A}.Release|Any CPU.Build.0 = Release|Any CPU
		{017887D6-055D-4807-A404-F1D95C48F748}.Debug|Any CPU.ActiveCfg = Debug|Any CPU
		{017887D6-055D-4807-A404-F1D95C48F748}.Debug|Any CPU.Build.0 = Debug|Any CPU
		{017887D6-055D-4807-A404-F1D95C48F748}.Release|Any CPU.ActiveCfg = Release|Any CPU
		{017887D6-055D-4807-A404-F1D95C48F748}.Release|Any CPU.Build.0 = Release|Any CPU
		{4816E178-8C31-4938-A0EF-89E322FC80BC}.Debug|Any CPU.ActiveCfg = Debug|Any CPU
		{4816E178-8C31-4938-A0EF-89E322FC80BC}.Debug|Any CPU.Build.0 = Debug|Any CPU
		{4816E178-8C31-4938-A0EF-89E322FC80BC}.Release|Any CPU.ActiveCfg = Release|Any CPU
		{4816E178-8C31-4938-A0EF-89E322FC80BC}.Release|Any CPU.Build.0 = Release|Any CPU
		{11D83683-BB9A-4C05-84E1-734DBA91E239}.Debug|Any CPU.ActiveCfg = Debug|Any CPU
		{11D83683-BB9A-4C05-84E1-734DBA91E239}.Debug|Any CPU.Build.0 = Debug|Any CPU
		{11D83683-BB9A-4C05-84E1-734DBA91E239}.Release|Any CPU.ActiveCfg = Release|Any CPU
		{11D83683-BB9A-4C05-84E1-734DBA91E239}.Release|Any CPU.Build.0 = Release|Any CPU
		{D2B50640-DA61-4D63-8AD6-A85F8732BA45}.Debug|Any CPU.ActiveCfg = Debug|Any CPU
		{D2B50640-DA61-4D63-8AD6-A85F8732BA45}.Debug|Any CPU.Build.0 = Debug|Any CPU
		{D2B50640-DA61-4D63-8AD6-A85F8732BA45}.Release|Any CPU.ActiveCfg = Release|Any CPU
		{D2B50640-DA61-4D63-8AD6-A85F8732BA45}.Release|Any CPU.Build.0 = Release|Any CPU
		{699F5611-1DC1-4EF0-A9D9-FD4776C6E43E}.Debug|Any CPU.ActiveCfg = Debug|Any CPU
		{699F5611-1DC1-4EF0-A9D9-FD4776C6E43E}.Debug|Any CPU.Build.0 = Debug|Any CPU
		{699F5611-1DC1-4EF0-A9D9-FD4776C6E43E}.Release|Any CPU.ActiveCfg = Release|Any CPU
		{699F5611-1DC1-4EF0-A9D9-FD4776C6E43E}.Release|Any CPU.Build.0 = Release|Any CPU
		{B7E089F4-A23E-4F6B-8C8C-3914825EE04B}.Debug|Any CPU.ActiveCfg = Debug|Any CPU
		{B7E089F4-A23E-4F6B-8C8C-3914825EE04B}.Debug|Any CPU.Build.0 = Debug|Any CPU
		{B7E089F4-A23E-4F6B-8C8C-3914825EE04B}.Release|Any CPU.ActiveCfg = Release|Any CPU
		{B7E089F4-A23E-4F6B-8C8C-3914825EE04B}.Release|Any CPU.Build.0 = Release|Any CPU
		{B2A96B8B-00A3-4F54-B577-23F4027BB6D2}.Debug|Any CPU.ActiveCfg = Debug|Any CPU
		{B2A96B8B-00A3-4F54-B577-23F4027BB6D2}.Debug|Any CPU.Build.0 = Debug|Any CPU
		{B2A96B8B-00A3-4F54-B577-23F4027BB6D2}.Release|Any CPU.ActiveCfg = Release|Any CPU
		{B2A96B8B-00A3-4F54-B577-23F4027BB6D2}.Release|Any CPU.Build.0 = Release|Any CPU
	EndGlobalSection
	GlobalSection(SolutionProperties) = preSolution
		HideSolutionNode = FALSE
	EndGlobalSection
	GlobalSection(NestedProjects) = preSolution
		{D08B2189-5563-4E7E-8427-B8FE8803A84F} = {834B0DD9-6FED-4980-B280-C5C63E3C9236}
		{294EAA88-350B-4309-8B74-C9354765AD92} = {B0F285B0-052A-4435-A2AD-55C9DE5B9854}
		{7F1B2B1E-FB21-4A7B-90A2-8E9C688788F9} = {ED35452B-1C92-4374-91EE-D03EDD53B137}
		{D1BD1BD1-6B6A-426C-917E-ACC54BA06E6F} = {ED35452B-1C92-4374-91EE-D03EDD53B137}
		{A2CE3A14-0FB1-4F8A-9A04-07727FE46D1A} = {ED35452B-1C92-4374-91EE-D03EDD53B137}
		{DB592799-869B-436A-BF45-D9FB54819E3B} = {7F1B2B1E-FB21-4A7B-90A2-8E9C688788F9}
		{2F5351D8-11B3-488A-AFFA-C6D810EC1A18} = {7F1B2B1E-FB21-4A7B-90A2-8E9C688788F9}
		{AF90B459-1016-4121-9CE4-53E2C0EA4E80} = {D1BD1BD1-6B6A-426C-917E-ACC54BA06E6F}
		{B7E089F4-A23E-4F6B-8C8C-3914825EE04B} = {D1BD1BD1-6B6A-426C-917E-ACC54BA06E6F}
		{11D83683-BB9A-4C05-84E1-734DBA91E239} = {A2CE3A14-0FB1-4F8A-9A04-07727FE46D1A}
		{D2B50640-DA61-4D63-8AD6-A85F8732BA45} = {A2CE3A14-0FB1-4F8A-9A04-07727FE46D1A}
		{699F5611-1DC1-4EF0-A9D9-FD4776C6E43E} = {A2CE3A14-0FB1-4F8A-9A04-07727FE46D1A}
		{25F63F20-7FFC-42F3-BFD3-D08CF2D2023A} = {DB592799-869B-436A-BF45-D9FB54819E3B}
		{017887D6-055D-4807-A404-F1D95C48F748} = {DB592799-869B-436A-BF45-D9FB54819E3B}
		{4816E178-8C31-4938-A0EF-89E322FC80BC} = {DB592799-869B-436A-BF45-D9FB54819E3B}
		{B2A96B8B-00A3-4F54-B577-23F4027BB6D2} = {AF90B459-1016-4121-9CE4-53E2C0EA4E80}
	EndGlobalSection
EndGlobal
