
Microsoft Visual Studio Solution File, Format Version 11.00
# Visual Studio 2010
Project("{2150E333-8FDC-42A3-9474-1A3956D46DE8}") = "Front-End", "Front-End", "{EF3FAFD7-43E3-447E-B50B-1C42FBF03687}"
EndProject
Project("{2150E333-8FDC-42A3-9474-1A3956D46DE8}") = "Back-End", "Back-End", "{F841F4A9-6972-42A1-A116-B17901AAF789}"
EndProject
Project("{FAE04EC0-301F-11D3-BF4B-00C04F79EFBC}") = "OA.PublicWebSite", "FrontEnd\OA.PublicWebSite\OA.PublicWebSite.csproj", "{E28A8D5B-C93B-4647-9A1A-498AA62A5159}"
	ProjectSection(ProjectDependencies) = postProject
		{D2B50640-DA61-4D63-8AD6-A85F8732BA45} = {D2B50640-DA61-4D63-8AD6-A85F8732BA45}
		{11D83683-BB9A-4C05-84E1-734DBA91E239} = {11D83683-BB9A-4C05-84E1-734DBA91E239}
		{2F5351D8-11B3-488A-AFFA-C6D810EC1A18} = {2F5351D8-11B3-488A-AFFA-C6D810EC1A18}
		{B7E089F4-A23E-4F6B-8C8C-3914825EE04B} = {B7E089F4-A23E-4F6B-8C8C-3914825EE04B}
	EndProjectSection
EndProject
Project("{2150E333-8FDC-42A3-9474-1A3956D46DE8}") = "Commands", "Commands", "{9E631722-9F6B-4EE2-9F69-30C78CA890A5}"
EndProject
Project("{2150E333-8FDC-42A3-9474-1A3956D46DE8}") = "Queries", "Queries", "{FA3C1923-6693-4432-BAD5-40E643961B03}"
EndProject
Project("{2150E333-8FDC-42A3-9474-1A3956D46DE8}") = "Framework", "Framework", "{FC896B4A-C8D0-4C66-B712-D93763B67CEE}"
EndProject
Project("{FAE04EC0-301F-11D3-BF4B-00C04F79EFBC}") = "OA.Framework", "BackEnd\OA.Framework.Common\OA.Framework.csproj", "{D2B50640-DA61-4D63-8AD6-A85F8732BA45}"
EndProject
Project("{FAE04EC0-301F-11D3-BF4B-00C04F79EFBC}") = "OA.DomainModel.DDD", "BackEnd\OA.DomainModel.Common\OA.DomainModel.DDD.csproj", "{017887D6-055D-4807-A404-F1D95C48F748}"
	ProjectSection(ProjectDependencies) = postProject
		{D2B50640-DA61-4D63-8AD6-A85F8732BA45} = {D2B50640-DA61-4D63-8AD6-A85F8732BA45}
	EndProjectSection
EndProject
Project("{FAE04EC0-301F-11D3-BF4B-00C04F79EFBC}") = "OA.DomainRepositories.DDD", "BackEnd\OA.DomainRepositories.Common\OA.DomainRepositories.DDD.csproj", "{4816E178-8C31-4938-A0EF-89E322FC80BC}"
	ProjectSection(ProjectDependencies) = postProject
		{D2B50640-DA61-4D63-8AD6-A85F8732BA45} = {D2B50640-DA61-4D63-8AD6-A85F8732BA45}
		{017887D6-055D-4807-A404-F1D95C48F748} = {017887D6-055D-4807-A404-F1D95C48F748}
	EndProjectSection
EndProject
Project("{FAE04EC0-301F-11D3-BF4B-00C04F79EFBC}") = "OA.Commands", "BackEnd\OA.Commands.Common\OA.Commands.csproj", "{2F5351D8-11B3-488A-AFFA-C6D810EC1A18}"
	ProjectSection(ProjectDependencies) = postProject
		{D2B50640-DA61-4D63-8AD6-A85F8732BA45} = {D2B50640-DA61-4D63-8AD6-A85F8732BA45}
		{017887D6-055D-4807-A404-F1D95C48F748} = {017887D6-055D-4807-A404-F1D95C48F748}
	EndProjectSection
EndProject
Project("{FAE04EC0-301F-11D3-BF4B-00C04F79EFBC}") = "OA.BootStrapping", "BackEnd\OA.BootStrapping.Common\OA.BootStrapping.csproj", "{11D83683-BB9A-4C05-84E1-734DBA91E239}"
	ProjectSection(ProjectDependencies) = postProject
		{D2B50640-DA61-4D63-8AD6-A85F8732BA45} = {D2B50640-DA61-4D63-8AD6-A85F8732BA45}
		{4816E178-8C31-4938-A0EF-89E322FC80BC} = {4816E178-8C31-4938-A0EF-89E322FC80BC}
		{B2A96B8B-00A3-4F54-B577-23F4027BB6D2} = {B2A96B8B-00A3-4F54-B577-23F4027BB6D2}
		{017887D6-055D-4807-A404-F1D95C48F748} = {017887D6-055D-4807-A404-F1D95C48F748}
		{2F5351D8-11B3-488A-AFFA-C6D810EC1A18} = {2F5351D8-11B3-488A-AFFA-C6D810EC1A18}
		{B7E089F4-A23E-4F6B-8C8C-3914825EE04B} = {B7E089F4-A23E-4F6B-8C8C-3914825EE04B}
	EndProjectSection
EndProject
Project("{FAE04EC0-301F-11D3-BF4B-00C04F79EFBC}") = "OA.ViewModel", "BackEnd\OA.ViewModel.Common\OA.ViewModel.csproj", "{B7E089F4-A23E-4F6B-8C8C-3914825EE04B}"
	ProjectSection(ProjectDependencies) = postProject
		{D2B50640-DA61-4D63-8AD6-A85F8732BA45} = {D2B50640-DA61-4D63-8AD6-A85F8732BA45}
	EndProjectSection
EndProject
Project("{FAE04EC0-301F-11D3-BF4B-00C04F79EFBC}") = "OA.ViewRepositories.RDD", "BackEnd\OA.ViewRepositories.Common\OA.ViewRepositories.RDD.csproj", "{B2A96B8B-00A3-4F54-B577-23F4027BB6D2}"
	ProjectSection(ProjectDependencies) = postProject
		{D2B50640-DA61-4D63-8AD6-A85F8732BA45} = {D2B50640-DA61-4D63-8AD6-A85F8732BA45}
		{B7E089F4-A23E-4F6B-8C8C-3914825EE04B} = {B7E089F4-A23E-4F6B-8C8C-3914825EE04B}
	EndProjectSection
EndProject
Project("{2150E333-8FDC-42A3-9474-1A3956D46DE8}") = "Unit Testing", "Unit Testing", "{84488EE0-0D78-4B1E-9508-0309B30EB922}"
EndProject
Project("{FAE04EC0-301F-11D3-BF4B-00C04F79EFBC}") = "OA.PublicWebSite.UnitTesting", "UnitTesting\OA.PublicWebSite.UnitTesting\OA.PublicWebSite.UnitTesting.csproj", "{249E2D51-8803-4E29-A340-E229D9325DD4}"
EndProject
Project("{2150E333-8FDC-42A3-9474-1A3956D46DE8}") = "Solution Items", "Solution Items", "{63879BB6-7B9A-499F-94D4-123D5A514AD9}"
	ProjectSection(SolutionItems) = preProject
		nuget.config = nuget.config
	EndProjectSection
EndProject
Project("{2150E333-8FDC-42A3-9474-1A3956D46DE8}") = "DDD", "DDD", "{F49B0752-79A9-4926-A4D2-B132AA99C07A}"
EndProject
Project("{FAE04EC0-301F-11D3-BF4B-00C04F79EFBC}") = "OA.CommandHandlers.DDD", "BackEnd\OA.CommandHandlers.Common\OA.CommandHandlers.DDD.csproj", "{25F63F20-7FFC-42F3-BFD3-D08CF2D2023A}"
EndProject
Project("{2150E333-8FDC-42A3-9474-1A3956D46DE8}") = "RDD", "RDD", "{52996F71-3085-46B4-B9B8-101E8A6C3CE5}"
EndProject
Project("{FAE04EC0-301F-11D3-BF4B-00C04F79EFBC}") = "OA.Framework.DDD", "BackEnd\OA.Framework.DDD\OA.Framework.DDD.csproj", "{699F5611-1DC1-4EF0-A9D9-FD4776C6E43E}"
EndProject
Project("{2150E333-8FDC-42A3-9474-1A3956D46DE8}") = "Events", "Events", "{A171C1BA-C932-4C81-8AC8-3A510C213F6D}"
EndProject
Project("{FAE04EC0-301F-11D3-BF4B-00C04F79EFBC}") = "OA.Events", "BackEnd\OA.Events.Common\OA.Events.csproj", "{234DB057-8FEE-4439-B595-630F33133C4A}"
EndProject
Project("{FAE04EC0-301F-11D3-BF4B-00C04F79EFBC}") = "OA.EventHandlers", "BackEnd\OA.EventHandlers.Common\OA.EventHandlers.csproj", "{B6AAF8C4-E501-45D4-84A6-83FFA5BA598D}"
EndProject
Project("{FAE04EC0-301F-11D3-BF4B-00C04F79EFBC}") = "OA.DomainRepositories.UnitTesting", "UnitTesting\OA.DomainRepositories.Common.UnitTesting\OA.DomainRepositories.UnitTesting.csproj", "{18432690-2B68-4519-B677-5765E3FEA948}"
EndProject
Global
	GlobalSection(SolutionConfigurationPlatforms) = preSolution
		Debug|Any CPU = Debug|Any CPU
		Release|Any CPU = Release|Any CPU
	EndGlobalSection
	GlobalSection(ProjectConfigurationPlatforms) = postSolution
		{E28A8D5B-C93B-4647-9A1A-498AA62A5159}.Debug|Any CPU.ActiveCfg = Debug|Any CPU
		{E28A8D5B-C93B-4647-9A1A-498AA62A5159}.Debug|Any CPU.Build.0 = Debug|Any CPU
		{E28A8D5B-C93B-4647-9A1A-498AA62A5159}.Release|Any CPU.ActiveCfg = Release|Any CPU
		{E28A8D5B-C93B-4647-9A1A-498AA62A5159}.Release|Any CPU.Build.0 = Release|Any CPU
		{D2B50640-DA61-4D63-8AD6-A85F8732BA45}.Debug|Any CPU.ActiveCfg = Debug|Any CPU
		{D2B50640-DA61-4D63-8AD6-A85F8732BA45}.Debug|Any CPU.Build.0 = Debug|Any CPU
		{D2B50640-DA61-4D63-8AD6-A85F8732BA45}.Release|Any CPU.ActiveCfg = Release|Any CPU
		{D2B50640-DA61-4D63-8AD6-A85F8732BA45}.Release|Any CPU.Build.0 = Release|Any CPU
		{017887D6-055D-4807-A404-F1D95C48F748}.Debug|Any CPU.ActiveCfg = Debug|Any CPU
		{017887D6-055D-4807-A404-F1D95C48F748}.Debug|Any CPU.Build.0 = Debug|Any CPU
		{017887D6-055D-4807-A404-F1D95C48F748}.Release|Any CPU.ActiveCfg = Release|Any CPU
		{017887D6-055D-4807-A404-F1D95C48F748}.Release|Any CPU.Build.0 = Release|Any CPU
		{4816E178-8C31-4938-A0EF-89E322FC80BC}.Debug|Any CPU.ActiveCfg = Debug|Any CPU
		{4816E178-8C31-4938-A0EF-89E322FC80BC}.Debug|Any CPU.Build.0 = Debug|Any CPU
		{4816E178-8C31-4938-A0EF-89E322FC80BC}.Release|Any CPU.ActiveCfg = Release|Any CPU
		{4816E178-8C31-4938-A0EF-89E322FC80BC}.Release|Any CPU.Build.0 = Release|Any CPU
		{2F5351D8-11B3-488A-AFFA-C6D810EC1A18}.Debug|Any CPU.ActiveCfg = Debug|Any CPU
		{2F5351D8-11B3-488A-AFFA-C6D810EC1A18}.Debug|Any CPU.Build.0 = Debug|Any CPU
		{2F5351D8-11B3-488A-AFFA-C6D810EC1A18}.Release|Any CPU.ActiveCfg = Release|Any CPU
		{2F5351D8-11B3-488A-AFFA-C6D810EC1A18}.Release|Any CPU.Build.0 = Release|Any CPU
		{11D83683-BB9A-4C05-84E1-734DBA91E239}.Debug|Any CPU.ActiveCfg = Debug|Any CPU
		{11D83683-BB9A-4C05-84E1-734DBA91E239}.Debug|Any CPU.Build.0 = Debug|Any CPU
		{11D83683-BB9A-4C05-84E1-734DBA91E239}.Release|Any CPU.ActiveCfg = Release|Any CPU
		{11D83683-BB9A-4C05-84E1-734DBA91E239}.Release|Any CPU.Build.0 = Release|Any CPU
		{B7E089F4-A23E-4F6B-8C8C-3914825EE04B}.Debug|Any CPU.ActiveCfg = Debug|Any CPU
		{B7E089F4-A23E-4F6B-8C8C-3914825EE04B}.Debug|Any CPU.Build.0 = Debug|Any CPU
		{B7E089F4-A23E-4F6B-8C8C-3914825EE04B}.Release|Any CPU.ActiveCfg = Release|Any CPU
		{B7E089F4-A23E-4F6B-8C8C-3914825EE04B}.Release|Any CPU.Build.0 = Release|Any CPU
		{B2A96B8B-00A3-4F54-B577-23F4027BB6D2}.Debug|Any CPU.ActiveCfg = Debug|Any CPU
		{B2A96B8B-00A3-4F54-B577-23F4027BB6D2}.Debug|Any CPU.Build.0 = Debug|Any CPU
		{B2A96B8B-00A3-4F54-B577-23F4027BB6D2}.Release|Any CPU.ActiveCfg = Release|Any CPU
		{B2A96B8B-00A3-4F54-B577-23F4027BB6D2}.Release|Any CPU.Build.0 = Release|Any CPU
		{249E2D51-8803-4E29-A340-E229D9325DD4}.Debug|Any CPU.ActiveCfg = Debug|Any CPU
		{249E2D51-8803-4E29-A340-E229D9325DD4}.Debug|Any CPU.Build.0 = Debug|Any CPU
		{249E2D51-8803-4E29-A340-E229D9325DD4}.Release|Any CPU.ActiveCfg = Release|Any CPU
		{249E2D51-8803-4E29-A340-E229D9325DD4}.Release|Any CPU.Build.0 = Release|Any CPU
		{25F63F20-7FFC-42F3-BFD3-D08CF2D2023A}.Debug|Any CPU.ActiveCfg = Debug|Any CPU
		{25F63F20-7FFC-42F3-BFD3-D08CF2D2023A}.Debug|Any CPU.Build.0 = Debug|Any CPU
		{25F63F20-7FFC-42F3-BFD3-D08CF2D2023A}.Release|Any CPU.ActiveCfg = Release|Any CPU
		{25F63F20-7FFC-42F3-BFD3-D08CF2D2023A}.Release|Any CPU.Build.0 = Release|Any CPU
		{699F5611-1DC1-4EF0-A9D9-FD4776C6E43E}.Debug|Any CPU.ActiveCfg = Debug|Any CPU
		{699F5611-1DC1-4EF0-A9D9-FD4776C6E43E}.Debug|Any CPU.Build.0 = Debug|Any CPU
		{699F5611-1DC1-4EF0-A9D9-FD4776C6E43E}.Release|Any CPU.ActiveCfg = Release|Any CPU
		{699F5611-1DC1-4EF0-A9D9-FD4776C6E43E}.Release|Any CPU.Build.0 = Release|Any CPU
		{234DB057-8FEE-4439-B595-630F33133C4A}.Debug|Any CPU.ActiveCfg = Debug|Any CPU
		{234DB057-8FEE-4439-B595-630F33133C4A}.Debug|Any CPU.Build.0 = Debug|Any CPU
		{234DB057-8FEE-4439-B595-630F33133C4A}.Release|Any CPU.ActiveCfg = Release|Any CPU
		{234DB057-8FEE-4439-B595-630F33133C4A}.Release|Any CPU.Build.0 = Release|Any CPU
		{B6AAF8C4-E501-45D4-84A6-83FFA5BA598D}.Debug|Any CPU.ActiveCfg = Debug|Any CPU
		{B6AAF8C4-E501-45D4-84A6-83FFA5BA598D}.Debug|Any CPU.Build.0 = Debug|Any CPU
		{B6AAF8C4-E501-45D4-84A6-83FFA5BA598D}.Release|Any CPU.ActiveCfg = Release|Any CPU
		{B6AAF8C4-E501-45D4-84A6-83FFA5BA598D}.Release|Any CPU.Build.0 = Release|Any CPU
		{18432690-2B68-4519-B677-5765E3FEA948}.Debug|Any CPU.ActiveCfg = Debug|Any CPU
		{18432690-2B68-4519-B677-5765E3FEA948}.Debug|Any CPU.Build.0 = Debug|Any CPU
		{18432690-2B68-4519-B677-5765E3FEA948}.Release|Any CPU.ActiveCfg = Release|Any CPU
		{18432690-2B68-4519-B677-5765E3FEA948}.Release|Any CPU.Build.0 = Release|Any CPU
	EndGlobalSection
	GlobalSection(SolutionProperties) = preSolution
		HideSolutionNode = FALSE
	EndGlobalSection
	GlobalSection(NestedProjects) = preSolution
		{E28A8D5B-C93B-4647-9A1A-498AA62A5159} = {EF3FAFD7-43E3-447E-B50B-1C42FBF03687}
		{9E631722-9F6B-4EE2-9F69-30C78CA890A5} = {F841F4A9-6972-42A1-A116-B17901AAF789}
		{FA3C1923-6693-4432-BAD5-40E643961B03} = {F841F4A9-6972-42A1-A116-B17901AAF789}
		{FC896B4A-C8D0-4C66-B712-D93763B67CEE} = {F841F4A9-6972-42A1-A116-B17901AAF789}
		{A171C1BA-C932-4C81-8AC8-3A510C213F6D} = {F841F4A9-6972-42A1-A116-B17901AAF789}
		{F49B0752-79A9-4926-A4D2-B132AA99C07A} = {9E631722-9F6B-4EE2-9F69-30C78CA890A5}
		{2F5351D8-11B3-488A-AFFA-C6D810EC1A18} = {9E631722-9F6B-4EE2-9F69-30C78CA890A5}
		{B7E089F4-A23E-4F6B-8C8C-3914825EE04B} = {FA3C1923-6693-4432-BAD5-40E643961B03}
		{52996F71-3085-46B4-B9B8-101E8A6C3CE5} = {FA3C1923-6693-4432-BAD5-40E643961B03}
		{D2B50640-DA61-4D63-8AD6-A85F8732BA45} = {FC896B4A-C8D0-4C66-B712-D93763B67CEE}
		{11D83683-BB9A-4C05-84E1-734DBA91E239} = {FC896B4A-C8D0-4C66-B712-D93763B67CEE}
		{699F5611-1DC1-4EF0-A9D9-FD4776C6E43E} = {FC896B4A-C8D0-4C66-B712-D93763B67CEE}
		{4816E178-8C31-4938-A0EF-89E322FC80BC} = {F49B0752-79A9-4926-A4D2-B132AA99C07A}
		{017887D6-055D-4807-A404-F1D95C48F748} = {F49B0752-79A9-4926-A4D2-B132AA99C07A}
		{25F63F20-7FFC-42F3-BFD3-D08CF2D2023A} = {F49B0752-79A9-4926-A4D2-B132AA99C07A}
		{B2A96B8B-00A3-4F54-B577-23F4027BB6D2} = {52996F71-3085-46B4-B9B8-101E8A6C3CE5}
		{249E2D51-8803-4E29-A340-E229D9325DD4} = {84488EE0-0D78-4B1E-9508-0309B30EB922}
		{18432690-2B68-4519-B677-5765E3FEA948} = {84488EE0-0D78-4B1E-9508-0309B30EB922}
		{234DB057-8FEE-4439-B595-630F33133C4A} = {A171C1BA-C932-4C81-8AC8-3A510C213F6D}
		{B6AAF8C4-E501-45D4-84A6-83FFA5BA598D} = {A171C1BA-C932-4C81-8AC8-3A510C213F6D}
	EndGlobalSection
EndGlobal
